// !$*UTF8*$!
{
	archiveVersion = 1;
	classes = {
	};
	objectVersion = 55;
	objects = {

/* Begin PBXBuildFile section */
		E12A6963279406E8007E4CB6 /* Pacifico-Regular.ttf in Resources */ = {isa = PBXBuildFile; fileRef = E14D0BAF2793F1320061D92F /* Pacifico-Regular.ttf */; };
		E12A6964279406E9007E4CB6 /* Pacifico-Regular.ttf in Resources */ = {isa = PBXBuildFile; fileRef = E14D0BAF2793F1320061D92F /* Pacifico-Regular.ttf */; };
		E12A6965279406EC007E4CB6 /* Oswald-Regular.ttf in Resources */ = {isa = PBXBuildFile; fileRef = E14D0BB02793F13B0061D92F /* Oswald-Regular.ttf */; };
		E12A6966279406ED007E4CB6 /* Oswald-Regular.ttf in Resources */ = {isa = PBXBuildFile; fileRef = E14D0BB02793F13B0061D92F /* Oswald-Regular.ttf */; };
		E14278BA2795E6D800E4ED04 /* Lato-Bold.ttf in Resources */ = {isa = PBXBuildFile; fileRef = E14278B92795E6D800E4ED04 /* Lato-Bold.ttf */; };
		E14278BB2795E6D800E4ED04 /* Lato-Bold.ttf in Resources */ = {isa = PBXBuildFile; fileRef = E14278B92795E6D800E4ED04 /* Lato-Bold.ttf */; };
		E14D0B9B279326680061D92F /* SwiftUIChallengeApp.swift in Sources */ = {isa = PBXBuildFile; fileRef = E14D0B8B279326650061D92F /* SwiftUIChallengeApp.swift */; };
		E14D0B9C279326680061D92F /* SwiftUIChallengeApp.swift in Sources */ = {isa = PBXBuildFile; fileRef = E14D0B8B279326650061D92F /* SwiftUIChallengeApp.swift */; };
		E14D0B9D279326680061D92F /* Login.swift in Sources */ = {isa = PBXBuildFile; fileRef = E14D0B8C279326650061D92F /* Login.swift */; };
		E14D0B9E279326680061D92F /* Login.swift in Sources */ = {isa = PBXBuildFile; fileRef = E14D0B8C279326650061D92F /* Login.swift */; };
		E14D0B9F279326680061D92F /* Assets.xcassets in Resources */ = {isa = PBXBuildFile; fileRef = E14D0B8D279326680061D92F /* Assets.xcassets */; };
		E14D0BA0279326680061D92F /* Assets.xcassets in Resources */ = {isa = PBXBuildFile; fileRef = E14D0B8D279326680061D92F /* Assets.xcassets */; };
		E14D0BAC279357E50061D92F /* Signup.swift in Sources */ = {isa = PBXBuildFile; fileRef = E14D0BAB279357E50061D92F /* Signup.swift */; };
		E1E6E9282794776900865E20 /* clippedCircle.swift in Sources */ = {isa = PBXBuildFile; fileRef = E1E6E927279457CD00865E20 /* clippedCircle.swift */; };
		E1E6E9292794776C00865E20 /* clippedCircle.swift in Sources */ = {isa = PBXBuildFile; fileRef = E1E6E927279457CD00865E20 /* clippedCircle.swift */; };
/* End PBXBuildFile section */

/* Begin PBXFileReference section */
		E12A696727940758007E4CB6 /* SwiftUIChallenge--iOS--Info.plist */ = {isa = PBXFileReference; lastKnownFileType = text.plist; path = "SwiftUIChallenge--iOS--Info.plist"; sourceTree = "<group>"; };
		E14278B92795E6D800E4ED04 /* Lato-Bold.ttf */ = {isa = PBXFileReference; lastKnownFileType = file; path = "Lato-Bold.ttf"; sourceTree = "<group>"; };
		E14D0B8B279326650061D92F /* SwiftUIChallengeApp.swift */ = {isa = PBXFileReference; lastKnownFileType = sourcecode.swift; path = SwiftUIChallengeApp.swift; sourceTree = "<group>"; };
		E14D0B8C279326650061D92F /* Login.swift */ = {isa = PBXFileReference; lastKnownFileType = sourcecode.swift; path = Login.swift; sourceTree = "<group>"; };
		E14D0B8D279326680061D92F /* Assets.xcassets */ = {isa = PBXFileReference; lastKnownFileType = folder.assetcatalog; path = Assets.xcassets; sourceTree = "<group>"; };
		E14D0B92279326680061D92F /* SwiftUIChallenge.app */ = {isa = PBXFileReference; explicitFileType = wrapper.application; includeInIndex = 0; path = SwiftUIChallenge.app; sourceTree = BUILT_PRODUCTS_DIR; };
		E14D0B98279326680061D92F /* SwiftUIChallenge.app */ = {isa = PBXFileReference; explicitFileType = wrapper.application; includeInIndex = 0; path = SwiftUIChallenge.app; sourceTree = BUILT_PRODUCTS_DIR; };
		E14D0B9A279326680061D92F /* macOS.entitlements */ = {isa = PBXFileReference; lastKnownFileType = text.plist.entitlements; path = macOS.entitlements; sourceTree = "<group>"; };
		E14D0BAB279357E50061D92F /* Signup.swift */ = {isa = PBXFileReference; lastKnownFileType = sourcecode.swift; path = Signup.swift; sourceTree = "<group>"; };
		E14D0BAF2793F1320061D92F /* Pacifico-Regular.ttf */ = {isa = PBXFileReference; lastKnownFileType = file; path = "Pacifico-Regular.ttf"; sourceTree = "<group>"; };
		E14D0BB02793F13B0061D92F /* Oswald-Regular.ttf */ = {isa = PBXFileReference; lastKnownFileType = file; path = "Oswald-Regular.ttf"; sourceTree = "<group>"; };
		E1E6E927279457CD00865E20 /* clippedCircle.swift */ = {isa = PBXFileReference; lastKnownFileType = sourcecode.swift; path = clippedCircle.swift; sourceTree = "<group>"; };
/* End PBXFileReference section */

/* Begin PBXFrameworksBuildPhase section */
		E14D0B8F279326680061D92F /* Frameworks */ = {
			isa = PBXFrameworksBuildPhase;
			buildActionMask = 2147483647;
			files = (
			);
			runOnlyForDeploymentPostprocessing = 0;
		};
		E14D0B95279326680061D92F /* Frameworks */ = {
			isa = PBXFrameworksBuildPhase;
			buildActionMask = 2147483647;
			files = (
			);
			runOnlyForDeploymentPostprocessing = 0;
		};
/* End PBXFrameworksBuildPhase section */

/* Begin PBXGroup section */
		E14D0B85279326650061D92F = {
			isa = PBXGroup;
			children = (
				E12A696727940758007E4CB6 /* SwiftUIChallenge--iOS--Info.plist */,
				E14D0B8A279326650061D92F /* Shared */,
				E14D0B99279326680061D92F /* macOS */,
				E14D0B93279326680061D92F /* Products */,
			);
			sourceTree = "<group>";
		};
		E14D0B8A279326650061D92F /* Shared */ = {
			isa = PBXGroup;
			children = (
				E14D0BAF2793F1320061D92F /* Pacifico-Regular.ttf */,
				E14278B92795E6D800E4ED04 /* Lato-Bold.ttf */,
				E14D0BB02793F13B0061D92F /* Oswald-Regular.ttf */,
				E14D0B8B279326650061D92F /* SwiftUIChallengeApp.swift */,
				E14D0B8C279326650061D92F /* Login.swift */,
				E14D0BAB279357E50061D92F /* Signup.swift */,
				E1E6E927279457CD00865E20 /* clippedCircle.swift */,
				E14D0B8D279326680061D92F /* Assets.xcassets */,
			);
			path = Shared;
			sourceTree = "<group>";
		};
		E14D0B93279326680061D92F /* Products */ = {
			isa = PBXGroup;
			children = (
				E14D0B92279326680061D92F /* SwiftUIChallenge.app */,
				E14D0B98279326680061D92F /* SwiftUIChallenge.app */,
			);
			name = Products;
			sourceTree = "<group>";
		};
		E14D0B99279326680061D92F /* macOS */ = {
			isa = PBXGroup;
			children = (
				E14D0B9A279326680061D92F /* macOS.entitlements */,
			);
			path = macOS;
			sourceTree = "<group>";
		};
/* End PBXGroup section */

/* Begin PBXNativeTarget section */
		E14D0B91279326680061D92F /* SwiftUIChallenge (iOS) */ = {
			isa = PBXNativeTarget;
			buildConfigurationList = E14D0BA3279326680061D92F /* Build configuration list for PBXNativeTarget "SwiftUIChallenge (iOS)" */;
			buildPhases = (
				E14D0B8E279326680061D92F /* Sources */,
				E14D0B8F279326680061D92F /* Frameworks */,
				E14D0B90279326680061D92F /* Resources */,
			);
			buildRules = (
			);
			dependencies = (
			);
			name = "SwiftUIChallenge (iOS)";
			productName = "SwiftUIChallenge (iOS)";
			productReference = E14D0B92279326680061D92F /* SwiftUIChallenge.app */;
			productType = "com.apple.product-type.application";
		};
		E14D0B97279326680061D92F /* SwiftUIChallenge (macOS) */ = {
			isa = PBXNativeTarget;
			buildConfigurationList = E14D0BA6279326680061D92F /* Build configuration list for PBXNativeTarget "SwiftUIChallenge (macOS)" */;
			buildPhases = (
				E14D0B94279326680061D92F /* Sources */,
				E14D0B95279326680061D92F /* Frameworks */,
				E14D0B96279326680061D92F /* Resources */,
			);
			buildRules = (
			);
			dependencies = (
			);
			name = "SwiftUIChallenge (macOS)";
			productName = "SwiftUIChallenge (macOS)";
			productReference = E14D0B98279326680061D92F /* SwiftUIChallenge.app */;
			productType = "com.apple.product-type.application";
		};
/* End PBXNativeTarget section */

/* Begin PBXProject section */
		E14D0B86279326650061D92F /* Project object */ = {
			isa = PBXProject;
			attributes = {
				BuildIndependentTargetsInParallel = 1;
				LastSwiftUpdateCheck = 1320;
				LastUpgradeCheck = 1320;
				TargetAttributes = {
					E14D0B91279326680061D92F = {
						CreatedOnToolsVersion = 13.2;
					};
					E14D0B97279326680061D92F = {
						CreatedOnToolsVersion = 13.2;
					};
				};
			};
			buildConfigurationList = E14D0B89279326650061D92F /* Build configuration list for PBXProject "SwiftUIChallenge" */;
			compatibilityVersion = "Xcode 13.0";
			developmentRegion = en;
			hasScannedForEncodings = 0;
			knownRegions = (
				en,
				Base,
			);
			mainGroup = E14D0B85279326650061D92F;
			productRefGroup = E14D0B93279326680061D92F /* Products */;
			projectDirPath = "";
			projectRoot = "";
			targets = (
				E14D0B91279326680061D92F /* SwiftUIChallenge (iOS) */,
				E14D0B97279326680061D92F /* SwiftUIChallenge (macOS) */,
			);
		};
/* End PBXProject section */

/* Begin PBXResourcesBuildPhase section */
		E14D0B90279326680061D92F /* Resources */ = {
			isa = PBXResourcesBuildPhase;
			buildActionMask = 2147483647;
			files = (
				E14D0B9F279326680061D92F /* Assets.xcassets in Resources */,
				E12A6965279406EC007E4CB6 /* Oswald-Regular.ttf in Resources */,
				E12A6963279406E8007E4CB6 /* Pacifico-Regular.ttf in Resources */,
				E14278BA2795E6D800E4ED04 /* Lato-Bold.ttf in Resources */,
			);
			runOnlyForDeploymentPostprocessing = 0;
		};
		E14D0B96279326680061D92F /* Resources */ = {
			isa = PBXResourcesBuildPhase;
			buildActionMask = 2147483647;
			files = (
				E14D0BA0279326680061D92F /* Assets.xcassets in Resources */,
				E12A6966279406ED007E4CB6 /* Oswald-Regular.ttf in Resources */,
				E12A6964279406E9007E4CB6 /* Pacifico-Regular.ttf in Resources */,
				E14278BB2795E6D800E4ED04 /* Lato-Bold.ttf in Resources */,
			);
			runOnlyForDeploymentPostprocessing = 0;
		};
/* End PBXResourcesBuildPhase section */

/* Begin PBXSourcesBuildPhase section */
		E14D0B8E279326680061D92F /* Sources */ = {
			isa = PBXSourcesBuildPhase;
			buildActionMask = 2147483647;
			files = (
				E14D0B9D279326680061D92F /* Login.swift in Sources */,
				E1E6E9282794776900865E20 /* clippedCircle.swift in Sources */,
				E14D0B9B279326680061D92F /* SwiftUIChallengeApp.swift in Sources */,
				E14D0BAC279357E50061D92F /* Signup.swift in Sources */,
			);
			runOnlyForDeploymentPostprocessing = 0;
		};
		E14D0B94279326680061D92F /* Sources */ = {
			isa = PBXSourcesBuildPhase;
			buildActionMask = 2147483647;
			files = (
				E1E6E9292794776C00865E20 /* clippedCircle.swift in Sources */,
				E14D0B9E279326680061D92F /* Login.swift in Sources */,
				E14D0B9C279326680061D92F /* SwiftUIChallengeApp.swift in Sources */,
			);
			runOnlyForDeploymentPostprocessing = 0;
		};
/* End PBXSourcesBuildPhase section */

/* Begin XCBuildConfiguration section */
		E14D0BA1279326680061D92F /* Debug */ = {
			isa = XCBuildConfiguration;
			buildSettings = {
				ALWAYS_SEARCH_USER_PATHS = NO;
				CLANG_ANALYZER_NONNULL = YES;
				CLANG_ANALYZER_NUMBER_OBJECT_CONVERSION = YES_AGGRESSIVE;
				CLANG_CXX_LANGUAGE_STANDARD = "gnu++17";
				CLANG_CXX_LIBRARY = "libc++";
				CLANG_ENABLE_MODULES = YES;
				CLANG_ENABLE_OBJC_ARC = YES;
				CLANG_ENABLE_OBJC_WEAK = YES;
				CLANG_WARN_BLOCK_CAPTURE_AUTORELEASING = YES;
				CLANG_WARN_BOOL_CONVERSION = YES;
				CLANG_WARN_COMMA = YES;
				CLANG_WARN_CONSTANT_CONVERSION = YES;
				CLANG_WARN_DEPRECATED_OBJC_IMPLEMENTATIONS = YES;
				CLANG_WARN_DIRECT_OBJC_ISA_USAGE = YES_ERROR;
				CLANG_WARN_DOCUMENTATION_COMMENTS = YES;
				CLANG_WARN_EMPTY_BODY = YES;
				CLANG_WARN_ENUM_CONVERSION = YES;
				CLANG_WARN_INFINITE_RECURSION = YES;
				CLANG_WARN_INT_CONVERSION = YES;
				CLANG_WARN_NON_LITERAL_NULL_CONVERSION = YES;
				CLANG_WARN_OBJC_IMPLICIT_RETAIN_SELF = YES;
				CLANG_WARN_OBJC_LITERAL_CONVERSION = YES;
				CLANG_WARN_OBJC_ROOT_CLASS = YES_ERROR;
				CLANG_WARN_QUOTED_INCLUDE_IN_FRAMEWORK_HEADER = YES;
				CLANG_WARN_RANGE_LOOP_ANALYSIS = YES;
				CLANG_WARN_STRICT_PROTOTYPES = YES;
				CLANG_WARN_SUSPICIOUS_MOVE = YES;
				CLANG_WARN_UNGUARDED_AVAILABILITY = YES_AGGRESSIVE;
				CLANG_WARN_UNREACHABLE_CODE = YES;
				CLANG_WARN__DUPLICATE_METHOD_MATCH = YES;
				COPY_PHASE_STRIP = NO;
				DEBUG_INFORMATION_FORMAT = dwarf;
				ENABLE_STRICT_OBJC_MSGSEND = YES;
				ENABLE_TESTABILITY = YES;
				GCC_C_LANGUAGE_STANDARD = gnu11;
				GCC_DYNAMIC_NO_PIC = NO;
				GCC_NO_COMMON_BLOCKS = YES;
				GCC_OPTIMIZATION_LEVEL = 0;
				GCC_PREPROCESSOR_DEFINITIONS = (
					"DEBUG=1",
					"$(inherited)",
				);
				GCC_WARN_64_TO_32_BIT_CONVERSION = YES;
				GCC_WARN_ABOUT_RETURN_TYPE = YES_ERROR;
				GCC_WARN_UNDECLARED_SELECTOR = YES;
				GCC_WARN_UNINITIALIZED_AUTOS = YES_AGGRESSIVE;
				GCC_WARN_UNUSED_FUNCTION = YES;
				GCC_WARN_UNUSED_VARIABLE = YES;
				MTL_ENABLE_DEBUG_INFO = INCLUDE_SOURCE;
				MTL_FAST_MATH = YES;
				ONLY_ACTIVE_ARCH = YES;
				SWIFT_ACTIVE_COMPILATION_CONDITIONS = DEBUG;
				SWIFT_OPTIMIZATION_LEVEL = "-Onone";
			};
			name = Debug;
		};
		E14D0BA2279326680061D92F /* Release */ = {
			isa = XCBuildConfiguration;
			buildSettings = {
				ALWAYS_SEARCH_USER_PATHS = NO;
				CLANG_ANALYZER_NONNULL = YES;
				CLANG_ANALYZER_NUMBER_OBJECT_CONVERSION = YES_AGGRESSIVE;
				CLANG_CXX_LANGUAGE_STANDARD = "gnu++17";
				CLANG_CXX_LIBRARY = "libc++";
				CLANG_ENABLE_MODULES = YES;
				CLANG_ENABLE_OBJC_ARC = YES;
				CLANG_ENABLE_OBJC_WEAK = YES;
				CLANG_WARN_BLOCK_CAPTURE_AUTORELEASING = YES;
				CLANG_WARN_BOOL_CONVERSION = YES;
				CLANG_WARN_COMMA = YES;
				CLANG_WARN_CONSTANT_CONVERSION = YES;
				CLANG_WARN_DEPRECATED_OBJC_IMPLEMENTATIONS = YES;
				CLANG_WARN_DIRECT_OBJC_ISA_USAGE = YES_ERROR;
				CLANG_WARN_DOCUMENTATION_COMMENTS = YES;
				CLANG_WARN_EMPTY_BODY = YES;
				CLANG_WARN_ENUM_CONVERSION = YES;
				CLANG_WARN_INFINITE_RECURSION = YES;
				CLANG_WARN_INT_CONVERSION = YES;
				CLANG_WARN_NON_LITERAL_NULL_CONVERSION = YES;
				CLANG_WARN_OBJC_IMPLICIT_RETAIN_SELF = YES;
				CLANG_WARN_OBJC_LITERAL_CONVERSION = YES;
				CLANG_WARN_OBJC_ROOT_CLASS = YES_ERROR;
				CLANG_WARN_QUOTED_INCLUDE_IN_FRAMEWORK_HEADER = YES;
				CLANG_WARN_RANGE_LOOP_ANALYSIS = YES;
				CLANG_WARN_STRICT_PROTOTYPES = YES;
				CLANG_WARN_SUSPICIOUS_MOVE = YES;
				CLANG_WARN_UNGUARDED_AVAILABILITY = YES_AGGRESSIVE;
				CLANG_WARN_UNREACHABLE_CODE = YES;
				CLANG_WARN__DUPLICATE_METHOD_MATCH = YES;
				COPY_PHASE_STRIP = NO;
				DEBUG_INFORMATION_FORMAT = "dwarf-with-dsym";
				ENABLE_NS_ASSERTIONS = NO;
				ENABLE_STRICT_OBJC_MSGSEND = YES;
				GCC_C_LANGUAGE_STANDARD = gnu11;
				GCC_NO_COMMON_BLOCKS = YES;
				GCC_WARN_64_TO_32_BIT_CONVERSION = YES;
				GCC_WARN_ABOUT_RETURN_TYPE = YES_ERROR;
				GCC_WARN_UNDECLARED_SELECTOR = YES;
				GCC_WARN_UNINITIALIZED_AUTOS = YES_AGGRESSIVE;
				GCC_WARN_UNUSED_FUNCTION = YES;
				GCC_WARN_UNUSED_VARIABLE = YES;
				MTL_ENABLE_DEBUG_INFO = NO;
				MTL_FAST_MATH = YES;
				SWIFT_COMPILATION_MODE = wholemodule;
				SWIFT_OPTIMIZATION_LEVEL = "-O";
			};
			name = Release;
		};
		E14D0BA4279326680061D92F /* Debug */ = {
			isa = XCBuildConfiguration;
			buildSettings = {
				ASSETCATALOG_COMPILER_APPICON_NAME = AppIcon;
				ASSETCATALOG_COMPILER_GLOBAL_ACCENT_COLOR_NAME = AccentColor;
				CODE_SIGN_STYLE = Automatic;
				CURRENT_PROJECT_VERSION = 1;
				ENABLE_PREVIEWS = YES;
				GENERATE_INFOPLIST_FILE = YES;
				INFOPLIST_FILE = "SwiftUIChallenge--iOS--Info.plist";
				INFOPLIST_KEY_UIApplicationSceneManifest_Generation = YES;
				INFOPLIST_KEY_UIApplicationSupportsIndirectInputEvents = YES;
				INFOPLIST_KEY_UILaunchScreen_Generation = YES;
				INFOPLIST_KEY_UISupportedInterfaceOrientations_iPad = "UIInterfaceOrientationPortrait UIInterfaceOrientationPortraitUpsideDown UIInterfaceOrientationLandscapeLeft UIInterfaceOrientationLandscapeRight";
				INFOPLIST_KEY_UISupportedInterfaceOrientations_iPhone = "UIInterfaceOrientationPortrait UIInterfaceOrientationLandscapeLeft UIInterfaceOrientationLandscapeRight";
				IPHONEOS_DEPLOYMENT_TARGET = 15.2;
				LD_RUNPATH_SEARCH_PATHS = (
					"$(inherited)",
					"@executable_path/Frameworks",
				);
				MARKETING_VERSION = 1.0;
				PRODUCT_BUNDLE_IDENTIFIER = Task.SwiftUIChallenge;
				PRODUCT_NAME = SwiftUIChallenge;
				SDKROOT = iphoneos;
				SWIFT_EMIT_LOC_STRINGS = YES;
				SWIFT_VERSION = 5.0;
				TARGETED_DEVICE_FAMILY = "1,2";
			};
			name = Debug;
		};
		E14D0BA5279326680061D92F /* Release */ = {
			isa = XCBuildConfiguration;
			buildSettings = {
				ASSETCATALOG_COMPILER_APPICON_NAME = AppIcon;
				ASSETCATALOG_COMPILER_GLOBAL_ACCENT_COLOR_NAME = AccentColor;
				CODE_SIGN_STYLE = Automatic;
				CURRENT_PROJECT_VERSION = 1;
				ENABLE_PREVIEWS = YES;
				GENERATE_INFOPLIST_FILE = YES;
				INFOPLIST_FILE = "SwiftUIChallenge--iOS--Info.plist";
				INFOPLIST_KEY_UIApplicationSceneManifest_Generation = YES;
				INFOPLIST_KEY_UIApplicationSupportsIndirectInputEvents = YES;
				INFOPLIST_KEY_UILaunchScreen_Generation = YES;
				INFOPLIST_KEY_UISupportedInterfaceOrientations_iPad = "UIInterfaceOrientationPortrait UIInterfaceOrientationPortraitUpsideDown UIInterfaceOrientationLandscapeLeft UIInterfaceOrientationLandscapeRight";
				INFOPLIST_KEY_UISupportedInterfaceOrientations_iPhone = "UIInterfaceOrientationPortrait UIInterfaceOrientationLandscapeLeft UIInterfaceOrientationLandscapeRight";
				IPHONEOS_DEPLOYMENT_TARGET = 15.2;
				LD_RUNPATH_SEARCH_PATHS = (
					"$(inherited)",
					"@executable_path/Frameworks",
				);
				MARKETING_VERSION = 1.0;
				PRODUCT_BUNDLE_IDENTIFIER = Task.SwiftUIChallenge;
				PRODUCT_NAME = SwiftUIChallenge;
				SDKROOT = iphoneos;
				SWIFT_EMIT_LOC_STRINGS = YES;
				SWIFT_VERSION = 5.0;
				TARGETED_DEVICE_FAMILY = "1,2";
				VALIDATE_PRODUCT = YES;
			};
			name = Release;
		};
		E14D0BA7279326680061D92F /* Debug */ = {
			isa = XCBuildConfiguration;
			buildSettings = {
				ASSETCATALOG_COMPILER_APPICON_NAME = AppIcon;
				ASSETCATALOG_COMPILER_GLOBAL_ACCENT_COLOR_NAME = AccentColor;
				CODE_SIGN_ENTITLEMENTS = macOS/macOS.entitlements;
				CODE_SIGN_STYLE = Automatic;
				COMBINE_HIDPI_IMAGES = YES;
				CURRENT_PROJECT_VERSION = 1;
				ENABLE_PREVIEWS = YES;
				GENERATE_INFOPLIST_FILE = YES;
				INFOPLIST_KEY_NSHumanReadableCopyright = "";
				LD_RUNPATH_SEARCH_PATHS = (
					"$(inherited)",
					"@executable_path/../Frameworks",
				);
				MACOSX_DEPLOYMENT_TARGET = 11.6;
				MARKETING_VERSION = 1.0;
				PRODUCT_BUNDLE_IDENTIFIER = Task.SwiftUIChallenge;
				PRODUCT_NAME = SwiftUIChallenge;
				SDKROOT = macosx;
				SWIFT_EMIT_LOC_STRINGS = YES;
				SWIFT_VERSION = 5.0;
			};
			name = Debug;
		};
		E14D0BA8279326680061D92F /* Release */ = {
			isa = XCBuildConfiguration;
			buildSettings = {
				ASSETCATALOG_COMPILER_APPICON_NAME = AppIcon;
				ASSETCATALOG_COMPILER_GLOBAL_ACCENT_COLOR_NAME = AccentColor;
				CODE_SIGN_ENTITLEMENTS = macOS/macOS.entitlements;
				CODE_SIGN_STYLE = Automatic;
				COMBINE_HIDPI_IMAGES = YES;
				CURRENT_PROJECT_VERSION = 1;
				ENABLE_PREVIEWS = YES;
				GENERATE_INFOPLIST_FILE = YES;
				INFOPLIST_KEY_NSHumanReadableCopyright = "";
				LD_RUNPATH_SEARCH_PATHS = (
					"$(inherited)",
					"@executable_path/../Frameworks",
				);
				MACOSX_DEPLOYMENT_TARGET = 11.6;
				MARKETING_VERSION = 1.0;
				PRODUCT_BUNDLE_IDENTIFIER = Task.SwiftUIChallenge;
				PRODUCT_NAME = SwiftUIChallenge;
				SDKROOT = macosx;
				SWIFT_EMIT_LOC_STRINGS = YES;
				SWIFT_VERSION = 5.0;
			};
			name = Release;
		};
/* End XCBuildConfiguration section */

/* Begin XCConfigurationList section */
		E14D0B89279326650061D92F /* Build configuration list for PBXProject "SwiftUIChallenge" */ = {
			isa = XCConfigurationList;
			buildConfigurations = (
				E14D0BA1279326680061D92F /* Debug */,
				E14D0BA2279326680061D92F /* Release */,
			);
			defaultConfigurationIsVisible = 0;
			defaultConfigurationName = Release;
		};
		E14D0BA3279326680061D92F /* Build configuration list for PBXNativeTarget "SwiftUIChallenge (iOS)" */ = {
			isa = XCConfigurationList;
			buildConfigurations = (
				E14D0BA4279326680061D92F /* Debug */,
				E14D0BA5279326680061D92F /* Release */,
			);
			defaultConfigurationIsVisible = 0;
			defaultConfigurationName = Release;
		};
		E14D0BA6279326680061D92F /* Build configuration list for PBXNativeTarget "SwiftUIChallenge (macOS)" */ = {
			isa = XCConfigurationList;
			buildConfigurations = (
				E14D0BA7279326680061D92F /* Debug */,
				E14D0BA8279326680061D92F /* Release */,
			);
			defaultConfigurationIsVisible = 0;
			defaultConfigurationName = Release;
		};
/* End XCConfigurationList section */
	};
	rootObject = E14D0B86279326650061D92F /* Project object */;
}
